
Microsoft Visual Studio Solution File, Format Version 12.00
# Visual Studio Version 16
Project("{FAE04EC0-301F-11D3-BF4B-00C04F79EFBC}") = "MassTransit.Saga", "src\MassTransit.Saga\MassTransit.Saga.csproj", "{7A7CD641-2423-4DB0-A35A-7B266884D124}"
EndProject
Project("{E53339B2-1760-4266-BCC7-CA923CBCF16C}") = "docker-compose", "docker-compose.dcproj", "{D6837541-1559-49CD-BCE7-D5EDF572A8AF}"
EndProject
Global
	GlobalSection(SolutionConfigurationPlatforms) = preSolution
		Debug|Any CPU = Debug|Any CPU
		Release|Any CPU = Release|Any CPU
	EndGlobalSection
	GlobalSection(ProjectConfigurationPlatforms) = postSolution
		{7A7CD641-2423-4DB0-A35A-7B266884D124}.Debug|Any CPU.ActiveCfg = Debug|Any CPU
		{7A7CD641-2423-4DB0-A35A-7B266884D124}.Debug|Any CPU.Build.0 = Debug|Any CPU
		{7A7CD641-2423-4DB0-A35A-7B266884D124}.Release|Any CPU.ActiveCfg = Release|Any CPU
		{7A7CD641-2423-4DB0-A35A-7B266884D124}.Release|Any CPU.Build.0 = Release|Any CPU
		{D6837541-1559-49CD-BCE7-D5EDF572A8AF}.Debug|Any CPU.ActiveCfg = Debug|Any CPU
		{D6837541-1559-49CD-BCE7-D5EDF572A8AF}.Debug|Any CPU.Build.0 = Debug|Any CPU
		{D6837541-1559-49CD-BCE7-D5EDF572A8AF}.Release|Any CPU.ActiveCfg = Release|Any CPU
		{D6837541-1559-49CD-BCE7-D5EDF572A8AF}.Release|Any CPU.Build.0 = Release|Any CPU
	EndGlobalSection
EndGlobal
