
Microsoft Visual Studio Solution File, Format Version 12.00
# Visual Studio Version 16
Project("{FAE04EC0-301F-11D3-BF4B-00C04F79EFBC}") = "MassTransit.POC", "src\MassTransit.POC\MassTransit.POC.csproj", "{7A7CD641-2423-4DB0-A35A-7B266884D124}"
EndProject
Project("{E53339B2-1760-4266-BCC7-CA923CBCF16C}") = "docker-compose", "docker-compose.dcproj", "{D6837541-1559-49CD-BCE7-D5EDF572A8AF}"
EndProject
Project("{FAE04EC0-301F-11D3-BF4B-00C04F79EFBC}") = "SagaStateMachine", "src\SagaStateMachine\SagaStateMachine.csproj", "{2A75B957-0A4E-48B8-A05C-EDAA007BA74C}"
EndProject
Project("{FAE04EC0-301F-11D3-BF4B-00C04F79EFBC}") = "SagaConsumer", "src\SagaConsumer\SagaConsumer.csproj", "{D677A396-55F7-4AF1-8A25-7F4FF0CAAD9D}"
EndProject
Global
	GlobalSection(SolutionConfigurationPlatforms) = preSolution
		Debug|Any CPU = Debug|Any CPU
		Release|Any CPU = Release|Any CPU
	EndGlobalSection
	GlobalSection(ProjectConfigurationPlatforms) = postSolution
		{7A7CD641-2423-4DB0-A35A-7B266884D124}.Debug|Any CPU.ActiveCfg = Debug|Any CPU
		{7A7CD641-2423-4DB0-A35A-7B266884D124}.Debug|Any CPU.Build.0 = Debug|Any CPU
		{7A7CD641-2423-4DB0-A35A-7B266884D124}.Release|Any CPU.ActiveCfg = Release|Any CPU
		{7A7CD641-2423-4DB0-A35A-7B266884D124}.Release|Any CPU.Build.0 = Release|Any CPU
		{D6837541-1559-49CD-BCE7-D5EDF572A8AF}.Debug|Any CPU.ActiveCfg = Debug|Any CPU
		{D6837541-1559-49CD-BCE7-D5EDF572A8AF}.Debug|Any CPU.Build.0 = Debug|Any CPU
		{D6837541-1559-49CD-BCE7-D5EDF572A8AF}.Release|Any CPU.ActiveCfg = Release|Any CPU
		{D6837541-1559-49CD-BCE7-D5EDF572A8AF}.Release|Any CPU.Build.0 = Release|Any CPU
		{2A75B957-0A4E-48B8-A05C-EDAA007BA74C}.Debug|Any CPU.ActiveCfg = Debug|Any CPU
		{2A75B957-0A4E-48B8-A05C-EDAA007BA74C}.Debug|Any CPU.Build.0 = Debug|Any CPU
		{2A75B957-0A4E-48B8-A05C-EDAA007BA74C}.Release|Any CPU.ActiveCfg = Release|Any CPU
		{2A75B957-0A4E-48B8-A05C-EDAA007BA74C}.Release|Any CPU.Build.0 = Release|Any CPU
		{D677A396-55F7-4AF1-8A25-7F4FF0CAAD9D}.Debug|Any CPU.ActiveCfg = Debug|Any CPU
		{D677A396-55F7-4AF1-8A25-7F4FF0CAAD9D}.Debug|Any CPU.Build.0 = Debug|Any CPU
		{D677A396-55F7-4AF1-8A25-7F4FF0CAAD9D}.Release|Any CPU.ActiveCfg = Release|Any CPU
		{D677A396-55F7-4AF1-8A25-7F4FF0CAAD9D}.Release|Any CPU.Build.0 = Release|Any CPU
	EndGlobalSection
EndGlobal
